
Microsoft Visual Studio Solution File, Format Version 12.00
# Visual Studio Version 17
VisualStudioVersion = 17.0.31903.59
MinimumVisualStudioVersion = 10.0.40219.1
Project("{2150E333-8FDC-42A3-9474-1A3956D46DE8}") = "tests", "tests", "{95740520-1EE4-40A7-B053-CD89BE68AC07}"
EndProject
Project("{FAE04EC0-301F-11D3-BF4B-00C04F79EFBC}") = "TheInternet.Tests", "tests\TheInternet.Tests\TheInternet.Tests.csproj", "{354DA296-6EE7-4A39-81FB-2AEC236EBB57}"
EndProject
Global
	GlobalSection(SolutionConfigurationPlatforms) = preSolution
		Debug|Any CPU = Debug|Any CPU
		Release|Any CPU = Release|Any CPU
	EndGlobalSection
	GlobalSection(SolutionProperties) = preSolution
		HideSolutionNode = FALSE
	EndGlobalSection
	GlobalSection(ProjectConfigurationPlatforms) = postSolution
		{354DA296-6EE7-4A39-81FB-2AEC236EBB57}.Debug|Any CPU.ActiveCfg = Debug|Any CPU
		{354DA296-6EE7-4A39-81FB-2AEC236EBB57}.Debug|Any CPU.Build.0 = Debug|Any CPU
		{354DA296-6EE7-4A39-81FB-2AEC236EBB57}.Release|Any CPU.ActiveCfg = Release|Any CPU
		{354DA296-6EE7-4A39-81FB-2AEC236EBB57}.Release|Any CPU.Build.0 = Release|Any CPU
	EndGlobalSection
	GlobalSection(NestedProjects) = preSolution
		{354DA296-6EE7-4A39-81FB-2AEC236EBB57} = {95740520-1EE4-40A7-B053-CD89BE68AC07}
	EndGlobalSection
EndGlobal
